<Solution>
  <Folder Name="/example1/" />
  <Folder Name="/example1/doc/" />
  <Folder Name="/example1/src/">
    <Project Path="src/BlaisePascal.LessonsExamples.Console/BlaisePascal.LessonsExamples.Example1.UIConsole.csproj" Id="a056513f-34f0-481d-a26c-bbc69a8dca31" />
    <Project Path="src/BlaisePascal.LessonsExamples.Domain/BlaisePascal.LessonsExamples.Example1.Domain.csproj" />
  </Folder>
  <Folder Name="/example1/test/">
    <Project Path="test/BlaisePascal.LessonsExamples.DomainTest/BlaisePascal.LessonsExamples.Example1.DomainTest.csproj" />
  </Folder>
  <Folder Name="/example2/" />
  <Folder Name="/example2/doc/" />
  <Folder Name="/example2/src/">
    <Project Path="BlaisePascal.LessonsExamples.Example2.Console/BlaisePascal.LessonsExamples.Example2.UIConsole.csproj" Id="dede4842-79ef-4310-aa54-a0e4fbd79c46" />
    <Project Path="example2/src/BlaisePascal.lessonsExamples.example2.Domain/BlaisePascal.LessonsExamples.Example2.Domain.csproj" Id="c46c561e-3ecd-4dfe-b37f-29279d3a7df9" />
  </Folder>
  <Folder Name="/example2/test/" />
</Solution>
